
Microsoft Visual Studio Solution File, Format Version 12.00
# Visual Studio Version 17
VisualStudioVersion = 17.4.33213.308
MinimumVisualStudioVersion = 10.0.40219.1
Project("{FAE04EC0-301F-11D3-BF4B-00C04F79EFBC}") = "Ejercicio No.2 - Tarea", "Ejercicio No.2 - Tarea\Ejercicio No.2 - Tarea.csproj", "{BA733983-213E-4511-BD32-58E74F17AFFE}"
EndProject
Global
	GlobalSection(SolutionConfigurationPlatforms) = preSolution
		Debug|Any CPU = Debug|Any CPU
		Release|Any CPU = Release|Any CPU
	EndGlobalSection
	GlobalSection(ProjectConfigurationPlatforms) = postSolution
		{BA733983-213E-4511-BD32-58E74F17AFFE}.Debug|Any CPU.ActiveCfg = Debug|Any CPU
		{BA733983-213E-4511-BD32-58E74F17AFFE}.Debug|Any CPU.Build.0 = Debug|Any CPU
		{BA733983-213E-4511-BD32-58E74F17AFFE}.Release|Any CPU.ActiveCfg = Release|Any CPU
		{BA733983-213E-4511-BD32-58E74F17AFFE}.Release|Any CPU.Build.0 = Release|Any CPU
	EndGlobalSection
	GlobalSection(SolutionProperties) = preSolution
		HideSolutionNode = FALSE
	EndGlobalSection
	GlobalSection(ExtensibilityGlobals) = postSolution
		SolutionGuid = {26C5C577-EAE1-420E-8509-B17B8BA6152B}
	EndGlobalSection
EndGlobal
